{
  "name": "nw-circuit",
  "version": "0.0.1",
  "lockfileVersion": 1,
  "requires": true,
  "dependencies": {
    "gojs": {
      "version": "2.0.0",
      "resolved": "https://registry.npmjs.org/gojs/-/gojs-2.0.0.tgz",
      "integrity": "sha512-62Ro/lWvxP0fn7r3Nw4e3oXXpuylMZ0AML6qveak3vPGBCsvZBdmVD2N+vk0wOF1r2DlP6uA5QUcwy1T4X5Fag=="
    }
  }
}
