{
  "name": "nw-circuit",
  "version": "0.0.1",
  "lockfileVersion": 1,
  "requires": true,
  "dependencies": {
    "gojs": {
      "version": "1.8.21",
      "resolved": "https://registry.npmjs.org/gojs/-/gojs-1.8.21.tgz",
      "integrity": "sha512-zVwmi+JYOzjE+TAZaxXmH/n3O5AaRObnIUsrwRSwtec0azIHajKgmadt+9nsdC2q2yx4pVigNFFnh4FQg++OUg=="
    }
  }
}
