{
  "name": "nw-circuit",
  "version": "0.0.1",
  "lockfileVersion": 1,
  "requires": true,
  "dependencies": {
    "gojs": {
      "version": "2.0.3",
      "resolved": "https://registry.npmjs.org/gojs/-/gojs-2.0.3.tgz",
      "integrity": "sha512-GgsZhGqB1x5IeGZ14uqtsEtIbqGwiuikAhVayzKgE0l4+TfKJL1v1ENkyRAddcipErVRyIi76gXA7hWj7wFG2Q=="
    }
  }
}
